
Microsoft Visual Studio Solution File, Format Version 12.00
# Visual Studio Version 16
VisualStudioVersion = 16.0.31729.503
MinimumVisualStudioVersion = 10.0.40219.1
Project("{FAE04EC0-301F-11D3-BF4B-00C04F79EFBC}") = "FirstProjectEmptyApp", "FirstProjectEmptyApp\FirstProjectEmptyApp.csproj", "{D357043C-C5B1-4796-B1A4-6FA8F366C084}"
EndProject
Global
	GlobalSection(SolutionConfigurationPlatforms) = preSolution
		Debug|Any CPU = Debug|Any CPU
		Release|Any CPU = Release|Any CPU
	EndGlobalSection
	GlobalSection(ProjectConfigurationPlatforms) = postSolution
		{D357043C-C5B1-4796-B1A4-6FA8F366C084}.Debug|Any CPU.ActiveCfg = Debug|Any CPU
		{D357043C-C5B1-4796-B1A4-6FA8F366C084}.Debug|Any CPU.Build.0 = Debug|Any CPU
		{D357043C-C5B1-4796-B1A4-6FA8F366C084}.Release|Any CPU.ActiveCfg = Release|Any CPU
		{D357043C-C5B1-4796-B1A4-6FA8F366C084}.Release|Any CPU.Build.0 = Release|Any CPU
	EndGlobalSection
	GlobalSection(SolutionProperties) = preSolution
		HideSolutionNode = FALSE
	EndGlobalSection
	GlobalSection(ExtensibilityGlobals) = postSolution
		SolutionGuid = {CB69626F-8378-48DB-BAB1-BA5FF288238B}
	EndGlobalSection
EndGlobal
